
Microsoft Visual Studio Solution File, Format Version 12.00
# Visual Studio Express 15 for Windows Desktop
VisualStudioVersion = 15.0.33026.149
MinimumVisualStudioVersion = 10.0.40219.1
Project("{FAE04EC0-301F-11D3-BF4B-00C04F79EFBC}") = "BT_test", "BT_test\BT_test.csproj", "{E48F1219-1C48-4D6D-8B27-032AF1F602D4}"
EndProject
Global
	GlobalSection(SolutionConfigurationPlatforms) = preSolution
		Debug|Any CPU = Debug|Any CPU
		Release|Any CPU = Release|Any CPU
	EndGlobalSection
	GlobalSection(ProjectConfigurationPlatforms) = postSolution
		{E48F1219-1C48-4D6D-8B27-032AF1F602D4}.Debug|Any CPU.ActiveCfg = Debug|Any CPU
		{E48F1219-1C48-4D6D-8B27-032AF1F602D4}.Debug|Any CPU.Build.0 = Debug|Any CPU
		{E48F1219-1C48-4D6D-8B27-032AF1F602D4}.Release|Any CPU.ActiveCfg = Release|Any CPU
		{E48F1219-1C48-4D6D-8B27-032AF1F602D4}.Release|Any CPU.Build.0 = Release|Any CPU
	EndGlobalSection
	GlobalSection(SolutionProperties) = preSolution
		HideSolutionNode = FALSE
	EndGlobalSection
	GlobalSection(ExtensibilityGlobals) = postSolution
		SolutionGuid = {475E33B0-B157-492A-AEC7-F457B57FD181}
	EndGlobalSection
EndGlobal
